// !$*UTF8*$!
{
	archiveVersion = 1;
	classes = {
	};
	objectVersion = 46;
	objects = {

/* Begin PBXBuildFile section */
		0393213B1EF907FF007D6CB3 /* Images.xcassets in Resources */ = {isa = PBXBuildFile; fileRef = 0393213A1EF907FF007D6CB3 /* Images.xcassets */; };
		0393213D1EF9085D007D6CB3 /* yyjIcon.png in Resources */ = {isa = PBXBuildFile; fileRef = 0393213C1EF9085D007D6CB3 /* yyjIcon.png */; };
		113931691E172AEC0092BB5A /* main.m in Sources */ = {isa = PBXBuildFile; fileRef = 113931681E172AEC0092BB5A /* main.m */; };
		113931741E172AEC0092BB5A /* Assets.xcassets in Resources */ = {isa = PBXBuildFile; fileRef = 113931731E172AEC0092BB5A /* Assets.xcassets */; };
		1139318A1E17326C0092BB5A /* Accelerate.framework in Frameworks */ = {isa = PBXBuildFile; fileRef = 113931891E17326C0092BB5A /* Accelerate.framework */; };
		113931941E17F35D0092BB5A /* opencv2.framework in Frameworks */ = {isa = PBXBuildFile; fileRef = 113931931E17F35D0092BB5A /* opencv2.framework */; };
		113931961E17F3E00092BB5A /* FSImageUtils.mm in Sources */ = {isa = PBXBuildFile; fileRef = 113931951E17F3E00092BB5A /* FSImageUtils.mm */; };
		1139319A1E193F210092BB5A /* shape_predictor_68_face_landmarks.dat in Resources */ = {isa = PBXBuildFile; fileRef = 113931991E193F210092BB5A /* shape_predictor_68_face_landmarks.dat */; };
		113931B31E1AE3BC0092BB5A /* FSViewController.mm in Sources */ = {isa = PBXBuildFile; fileRef = 113931B21E1AE3BC0092BB5A /* FSViewController.mm */; };
		113931B61E1AF2340092BB5A /* FSResultViewController.mm in Sources */ = {isa = PBXBuildFile; fileRef = 113931B51E1AF2340092BB5A /* FSResultViewController.mm */; };
		113931C11E213F690092BB5A /* FSMultiViewController.mm in Sources */ = {isa = PBXBuildFile; fileRef = 113931C01E213F690092BB5A /* FSMultiViewController.mm */; };
		11731F061E675B9E0001F3D3 /* PortraitTabBarController.m in Sources */ = {isa = PBXBuildFile; fileRef = 11731F051E675B9E0001F3D3 /* PortraitTabBarController.m */; };
		118B72551E56428F00DBC6E5 /* libdlib.a in Frameworks */ = {isa = PBXBuildFile; fileRef = 118B72541E56428F00DBC6E5 /* libdlib.a */; };
		118B72571E564AB300DBC6E5 /* LaunchScreen.storyboard in Resources */ = {isa = PBXBuildFile; fileRef = 118B72561E564AB300DBC6E5 /* LaunchScreen.storyboard */; };
		11F761CC1E3549B1009FB874 /* FSStreamViewController.mm in Sources */ = {isa = PBXBuildFile; fileRef = 11F761CB1E3549B1009FB874 /* FSStreamViewController.mm */; };
		11F761CE1E354CD4009FB874 /* AssetsLibrary.framework in Frameworks */ = {isa = PBXBuildFile; fileRef = 11F761CD1E354CD4009FB874 /* AssetsLibrary.framework */; };
		11F761D01E354CE6009FB874 /* AVFoundation.framework in Frameworks */ = {isa = PBXBuildFile; fileRef = 11F761CF1E354CE6009FB874 /* AVFoundation.framework */; };
		11F761D21E354CF3009FB874 /* CoreGraphics.framework in Frameworks */ = {isa = PBXBuildFile; fileRef = 11F761D11E354CF3009FB874 /* CoreGraphics.framework */; };
		11F761D41E354CFC009FB874 /* CoreImage.framework in Frameworks */ = {isa = PBXBuildFile; fileRef = 11F761D31E354CFC009FB874 /* CoreImage.framework */; };
		11F761D61E354D05009FB874 /* CoreMedia.framework in Frameworks */ = {isa = PBXBuildFile; fileRef = 11F761D51E354D05009FB874 /* CoreMedia.framework */; };
		11F761D81E354D0D009FB874 /* CoreVideo.framework in Frameworks */ = {isa = PBXBuildFile; fileRef = 11F761D71E354D0D009FB874 /* CoreVideo.framework */; };
		11F761DA1E354D18009FB874 /* QuartzCore.framework in Frameworks */ = {isa = PBXBuildFile; fileRef = 11F761D91E354D18009FB874 /* QuartzCore.framework */; };
		11F761DC1E354D23009FB874 /* UIKit.framework in Frameworks */ = {isa = PBXBuildFile; fileRef = 11F761DB1E354D23009FB874 /* UIKit.framework */; };
		11F761DE1E354D2C009FB874 /* Foundation.framework in Frameworks */ = {isa = PBXBuildFile; fileRef = 11F761DD1E354D2C009FB874 /* Foundation.framework */; };
		E24E7C731EECD9E20071857C /* classifiers in Resources */ = {isa = PBXBuildFile; fileRef = E24E7C711EECD9E20071857C /* classifiers */; };
		E24E7C741EECD9E20071857C /* model in Resources */ = {isa = PBXBuildFile; fileRef = E24E7C721EECD9E20071857C /* model */; };
		E24E7C761EECDBAC0071857C /* AppDelegate.mm in Sources */ = {isa = PBXBuildFile; fileRef = E24E7C751EECDBAC0071857C /* AppDelegate.mm */; };
		E24E7C7A1EECE0330071857C /* FaceARDetectIOS.mm in Sources */ = {isa = PBXBuildFile; fileRef = E24E7C791EECE0330071857C /* FaceARDetectIOS.mm */; };
		E24E7C841EECE0B60071857C /* GazeEstimation.cpp in Sources */ = {isa = PBXBuildFile; fileRef = E24E7C821EECE0B60071857C /* GazeEstimation.cpp */; };
		E24E7CC41EECE1290071857C /* CCNF_patch_expert.cpp in Sources */ = {isa = PBXBuildFile; fileRef = E24E7CB81EECE1290071857C /* CCNF_patch_expert.cpp */; };
		E24E7CC51EECE1290071857C /* LandmarkDetectionValidator.cpp in Sources */ = {isa = PBXBuildFile; fileRef = E24E7CB91EECE1290071857C /* LandmarkDetectionValidator.cpp */; };
		E24E7CC61EECE1290071857C /* LandmarkDetectorFunc.cpp in Sources */ = {isa = PBXBuildFile; fileRef = E24E7CBA1EECE1290071857C /* LandmarkDetectorFunc.cpp */; };
		E24E7CC71EECE1290071857C /* LandmarkDetectorModel.cpp in Sources */ = {isa = PBXBuildFile; fileRef = E24E7CBB1EECE1290071857C /* LandmarkDetectorModel.cpp */; };
		E24E7CC81EECE1290071857C /* LandmarkDetectorParameters.cpp in Sources */ = {isa = PBXBuildFile; fileRef = E24E7CBC1EECE1290071857C /* LandmarkDetectorParameters.cpp */; };
		E24E7CC91EECE1290071857C /* LandmarkDetectorUtils.cpp in Sources */ = {isa = PBXBuildFile; fileRef = E24E7CBD1EECE1290071857C /* LandmarkDetectorUtils.cpp */; };
		E24E7CCB1EECE1290071857C /* Patch_experts.cpp in Sources */ = {isa = PBXBuildFile; fileRef = E24E7CBF1EECE1290071857C /* Patch_experts.cpp */; };
		E24E7CCC1EECE1290071857C /* PAW.cpp in Sources */ = {isa = PBXBuildFile; fileRef = E24E7CC01EECE1290071857C /* PAW.cpp */; };
		E24E7CCD1EECE1290071857C /* PDM.cpp in Sources */ = {isa = PBXBuildFile; fileRef = E24E7CC11EECE1290071857C /* PDM.cpp */; };
		E24E7CCE1EECE1290071857C /* stdafx.cpp in Sources */ = {isa = PBXBuildFile; fileRef = E24E7CC21EECE1290071857C /* stdafx.cpp */; };
		E24E7CCF1EECE1290071857C /* SVR_patch_expert.cpp in Sources */ = {isa = PBXBuildFile; fileRef = E24E7CC31EECE1290071857C /* SVR_patch_expert.cpp */; };
		E24E7CD21EECE46D0071857C /* ViewController.mm in Sources */ = {isa = PBXBuildFile; fileRef = E24E7CD11EECE46D0071857C /* ViewController.mm */; };
		E24E7CD41EECEBFE0071857C /* Main.storyboard in Resources */ = {isa = PBXBuildFile; fileRef = E24E7CD31EECEBFE0071857C /* Main.storyboard */; };
		E27E78971EF647D300236AEE /* UIView+YALConstraints.m in Sources */ = {isa = PBXBuildFile; fileRef = E27E78931EF647D300236AEE /* UIView+YALConstraints.m */; };
		E27E78981EF647D300236AEE /* YALContextMenuTableView.m in Sources */ = {isa = PBXBuildFile; fileRef = E27E78961EF647D300236AEE /* YALContextMenuTableView.m */; };
		E27E789D1EF6480D00236AEE /* ContextMenuCell.mm in Sources */ = {isa = PBXBuildFile; fileRef = E27E789B1EF6480D00236AEE /* ContextMenuCell.mm */; };
		E27E789E1EF6480D00236AEE /* ContextMenuCell.xib in Resources */ = {isa = PBXBuildFile; fileRef = E27E789C1EF6480D00236AEE /* ContextMenuCell.xib */; };
		E27E78A61EF648BE00236AEE /* YALNavigationBar.m in Sources */ = {isa = PBXBuildFile; fileRef = E27E78A51EF648BE00236AEE /* YALNavigationBar.m */; };
		E27E78C31EF6605600236AEE /* RNGridMenu.m in Sources */ = {isa = PBXBuildFile; fileRef = E27E78C21EF6605600236AEE /* RNGridMenu.m */; };
		E27E78CE1EF660DE00236AEE /* arrow.png in Resources */ = {isa = PBXBuildFile; fileRef = E27E78C51EF660DE00236AEE /* arrow.png */; };
		E27E78CF1EF660DE00236AEE /* attachment.png in Resources */ = {isa = PBXBuildFile; fileRef = E27E78C61EF660DE00236AEE /* attachment.png */; };
		E27E78D01EF660DE00236AEE /* block.png in Resources */ = {isa = PBXBuildFile; fileRef = E27E78C71EF660DE00236AEE /* block.png */; };
		E27E78D11EF660DE00236AEE /* bluetooth.png in Resources */ = {isa = PBXBuildFile; fileRef = E27E78C81EF660DE00236AEE /* bluetooth.png */; };
		E27E78D21EF660DE00236AEE /* cube.png in Resources */ = {isa = PBXBuildFile; fileRef = E27E78C91EF660DE00236AEE /* cube.png */; };
		E27E78D31EF660DE00236AEE /* download.png in Resources */ = {isa = PBXBuildFile; fileRef = E27E78CA1EF660DE00236AEE /* download.png */; };
		E27E78D41EF660DE00236AEE /* enter.png in Resources */ = {isa = PBXBuildFile; fileRef = E27E78CB1EF660DE00236AEE /* enter.png */; };
		E27E78D51EF660DE00236AEE /* file.png in Resources */ = {isa = PBXBuildFile; fileRef = E27E78CC1EF660DE00236AEE /* file.png */; };
		E27E78D61EF660DE00236AEE /* github.png in Resources */ = {isa = PBXBuildFile; fileRef = E27E78CD1EF660DE00236AEE /* github.png */; };
/* End PBXBuildFile section */

/* Begin PBXFileReference section */
		0393213A1EF907FF007D6CB3 /* Images.xcassets */ = {isa = PBXFileReference; lastKnownFileType = folder.assetcatalog; path = Images.xcassets; sourceTree = "<group>"; };
		0393213C1EF9085D007D6CB3 /* yyjIcon.png */ = {isa = PBXFileReference; lastKnownFileType = image.png; name = yyjIcon.png; path = FaceSwap/Assets.xcassets/yyjIcon.png; sourceTree = "<group>"; };
		113931641E172AEC0092BB5A /* FaceSwap.app */ = {isa = PBXFileReference; explicitFileType = wrapper.application; includeInIndex = 0; path = FaceSwap.app; sourceTree = BUILT_PRODUCTS_DIR; };
		113931681E172AEC0092BB5A /* main.m */ = {isa = PBXFileReference; lastKnownFileType = sourcecode.c.objc; path = main.m; sourceTree = "<group>"; };
		1139316A1E172AEC0092BB5A /* AppDelegate.h */ = {isa = PBXFileReference; lastKnownFileType = sourcecode.c.h; path = AppDelegate.h; sourceTree = "<group>"; };
		113931731E172AEC0092BB5A /* Assets.xcassets */ = {isa = PBXFileReference; lastKnownFileType = folder.assetcatalog; path = Assets.xcassets; sourceTree = "<group>"; };
		113931781E172AEC0092BB5A /* Info.plist */ = {isa = PBXFileReference; lastKnownFileType = text.plist.xml; path = Info.plist; sourceTree = "<group>"; };
		113931891E17326C0092BB5A /* Accelerate.framework */ = {isa = PBXFileReference; lastKnownFileType = wrapper.framework; name = Accelerate.framework; path = System/Library/Frameworks/Accelerate.framework; sourceTree = SDKROOT; };
		113931931E17F35D0092BB5A /* opencv2.framework */ = {isa = PBXFileReference; lastKnownFileType = wrapper.framework; path = opencv2.framework; sourceTree = "<group>"; };
		113931951E17F3E00092BB5A /* FSImageUtils.mm */ = {isa = PBXFileReference; fileEncoding = 4; lastKnownFileType = sourcecode.cpp.objcpp; path = FSImageUtils.mm; sourceTree = "<group>"; };
		113931971E17F43C0092BB5A /* FSImageUtils.h */ = {isa = PBXFileReference; lastKnownFileType = sourcecode.c.h; path = FSImageUtils.h; sourceTree = "<group>"; };
		113931991E193F210092BB5A /* shape_predictor_68_face_landmarks.dat */ = {isa = PBXFileReference; lastKnownFileType = file; path = shape_predictor_68_face_landmarks.dat; sourceTree = "<group>"; };
		113931B11E1AE3BC0092BB5A /* FSViewController.h */ = {isa = PBXFileReference; fileEncoding = 4; lastKnownFileType = sourcecode.c.h; path = FSViewController.h; sourceTree = "<group>"; };
		113931B21E1AE3BC0092BB5A /* FSViewController.mm */ = {isa = PBXFileReference; fileEncoding = 4; lastKnownFileType = sourcecode.cpp.objcpp; path = FSViewController.mm; sourceTree = "<group>"; };
		113931B41E1AF2340092BB5A /* FSResultViewController.h */ = {isa = PBXFileReference; fileEncoding = 4; lastKnownFileType = sourcecode.c.h; path = FSResultViewController.h; sourceTree = "<group>"; };
		113931B51E1AF2340092BB5A /* FSResultViewController.mm */ = {isa = PBXFileReference; fileEncoding = 4; lastKnownFileType = sourcecode.cpp.objcpp; path = FSResultViewController.mm; sourceTree = "<group>"; };
		113931BF1E213F690092BB5A /* FSMultiViewController.h */ = {isa = PBXFileReference; fileEncoding = 4; lastKnownFileType = sourcecode.c.h; path = FSMultiViewController.h; sourceTree = "<group>"; };
		113931C01E213F690092BB5A /* FSMultiViewController.mm */ = {isa = PBXFileReference; fileEncoding = 4; lastKnownFileType = sourcecode.cpp.objcpp; path = FSMultiViewController.mm; sourceTree = "<group>"; };
		11731F041E675B9E0001F3D3 /* PortraitTabBarController.h */ = {isa = PBXFileReference; fileEncoding = 4; lastKnownFileType = sourcecode.c.h; path = PortraitTabBarController.h; sourceTree = "<group>"; };
		11731F051E675B9E0001F3D3 /* PortraitTabBarController.m */ = {isa = PBXFileReference; fileEncoding = 4; lastKnownFileType = sourcecode.c.objc; path = PortraitTabBarController.m; sourceTree = "<group>"; };
		118B72541E56428F00DBC6E5 /* libdlib.a */ = {isa = PBXFileReference; lastKnownFileType = archive.ar; path = libdlib.a; sourceTree = "<group>"; };
		118B72561E564AB300DBC6E5 /* LaunchScreen.storyboard */ = {isa = PBXFileReference; fileEncoding = 4; lastKnownFileType = file.storyboard; path = LaunchScreen.storyboard; sourceTree = "<group>"; };
		11F761CA1E3549B1009FB874 /* FSStreamViewController.h */ = {isa = PBXFileReference; fileEncoding = 4; lastKnownFileType = sourcecode.c.h; path = FSStreamViewController.h; sourceTree = "<group>"; };
		11F761CB1E3549B1009FB874 /* FSStreamViewController.mm */ = {isa = PBXFileReference; fileEncoding = 4; lastKnownFileType = sourcecode.cpp.objcpp; path = FSStreamViewController.mm; sourceTree = "<group>"; };
		11F761CD1E354CD4009FB874 /* AssetsLibrary.framework */ = {isa = PBXFileReference; lastKnownFileType = wrapper.framework; name = AssetsLibrary.framework; path = System/Library/Frameworks/AssetsLibrary.framework; sourceTree = SDKROOT; };
		11F761CF1E354CE6009FB874 /* AVFoundation.framework */ = {isa = PBXFileReference; lastKnownFileType = wrapper.framework; name = AVFoundation.framework; path = System/Library/Frameworks/AVFoundation.framework; sourceTree = SDKROOT; };
		11F761D11E354CF3009FB874 /* CoreGraphics.framework */ = {isa = PBXFileReference; lastKnownFileType = wrapper.framework; name = CoreGraphics.framework; path = System/Library/Frameworks/CoreGraphics.framework; sourceTree = SDKROOT; };
		11F761D31E354CFC009FB874 /* CoreImage.framework */ = {isa = PBXFileReference; lastKnownFileType = wrapper.framework; name = CoreImage.framework; path = System/Library/Frameworks/CoreImage.framework; sourceTree = SDKROOT; };
		11F761D51E354D05009FB874 /* CoreMedia.framework */ = {isa = PBXFileReference; lastKnownFileType = wrapper.framework; name = CoreMedia.framework; path = System/Library/Frameworks/CoreMedia.framework; sourceTree = SDKROOT; };
		11F761D71E354D0D009FB874 /* CoreVideo.framework */ = {isa = PBXFileReference; lastKnownFileType = wrapper.framework; name = CoreVideo.framework; path = System/Library/Frameworks/CoreVideo.framework; sourceTree = SDKROOT; };
		11F761D91E354D18009FB874 /* QuartzCore.framework */ = {isa = PBXFileReference; lastKnownFileType = wrapper.framework; name = QuartzCore.framework; path = System/Library/Frameworks/QuartzCore.framework; sourceTree = SDKROOT; };
		11F761DB1E354D23009FB874 /* UIKit.framework */ = {isa = PBXFileReference; lastKnownFileType = wrapper.framework; name = UIKit.framework; path = System/Library/Frameworks/UIKit.framework; sourceTree = SDKROOT; };
		11F761DD1E354D2C009FB874 /* Foundation.framework */ = {isa = PBXFileReference; lastKnownFileType = wrapper.framework; name = Foundation.framework; path = System/Library/Frameworks/Foundation.framework; sourceTree = SDKROOT; };
		E24E7C711EECD9E20071857C /* classifiers */ = {isa = PBXFileReference; lastKnownFileType = folder; name = classifiers; path = model/classifiers; sourceTree = "<group>"; };
		E24E7C721EECD9E20071857C /* model */ = {isa = PBXFileReference; lastKnownFileType = folder; name = model; path = model/model; sourceTree = "<group>"; };
		E24E7C751EECDBAC0071857C /* AppDelegate.mm */ = {isa = PBXFileReference; fileEncoding = 4; lastKnownFileType = sourcecode.cpp.objcpp; path = AppDelegate.mm; sourceTree = "<group>"; };
		E24E7C781EECE0330071857C /* FaceARDetectIOS.h */ = {isa = PBXFileReference; fileEncoding = 4; lastKnownFileType = sourcecode.c.h; name = FaceARDetectIOS.h; path = lib/FaceARDetect/FaceARDetectIOS.h; sourceTree = "<group>"; };
		E24E7C791EECE0330071857C /* FaceARDetectIOS.mm */ = {isa = PBXFileReference; fileEncoding = 4; lastKnownFileType = sourcecode.cpp.objcpp; name = FaceARDetectIOS.mm; path = lib/FaceARDetect/FaceARDetectIOS.mm; sourceTree = "<group>"; };
		E24E7C821EECE0B60071857C /* GazeEstimation.cpp */ = {isa = PBXFileReference; fileEncoding = 4; lastKnownFileType = sourcecode.cpp.cpp; name = GazeEstimation.cpp; path = lib/local/GazeEstimate/GazeEstimation.cpp; sourceTree = "<group>"; };
		E24E7C831EECE0B60071857C /* GazeEstimation.h */ = {isa = PBXFileReference; fileEncoding = 4; lastKnownFileType = sourcecode.c.h; name = GazeEstimation.h; path = lib/local/GazeEstimate/GazeEstimation.h; sourceTree = "<group>"; };
		E24E7CAC1EECE1130071857C /* CCNF_patch_expert.h */ = {isa = PBXFileReference; lastKnownFileType = sourcecode.c.h; name = CCNF_patch_expert.h; path = lib/local/LandmarkDetector/include/CCNF_patch_expert.h; sourceTree = "<group>"; };
		E24E7CAD1EECE1130071857C /* LandmarkCoreIncludes.h */ = {isa = PBXFileReference; lastKnownFileType = sourcecode.c.h; name = LandmarkCoreIncludes.h; path = lib/local/LandmarkDetector/include/LandmarkCoreIncludes.h; sourceTree = "<group>"; };
		E24E7CAE1EECE1130071857C /* LandmarkDetectionValidator.h */ = {isa = PBXFileReference; lastKnownFileType = sourcecode.c.h; name = LandmarkDetectionValidator.h; path = lib/local/LandmarkDetector/include/LandmarkDetectionValidator.h; sourceTree = "<group>"; };
		E24E7CAF1EECE1130071857C /* LandmarkDetectorFunc.h */ = {isa = PBXFileReference; lastKnownFileType = sourcecode.c.h; name = LandmarkDetectorFunc.h; path = lib/local/LandmarkDetector/include/LandmarkDetectorFunc.h; sourceTree = "<group>"; };
		E24E7CB01EECE1130071857C /* LandmarkDetectorModel.h */ = {isa = PBXFileReference; lastKnownFileType = sourcecode.c.h; name = LandmarkDetectorModel.h; path = lib/local/LandmarkDetector/include/LandmarkDetectorModel.h; sourceTree = "<group>"; };
		E24E7CB11EECE1130071857C /* LandmarkDetectorParameters.h */ = {isa = PBXFileReference; lastKnownFileType = sourcecode.c.h; name = LandmarkDetectorParameters.h; path = lib/local/LandmarkDetector/include/LandmarkDetectorParameters.h; sourceTree = "<group>"; };
		E24E7CB21EECE1130071857C /* LandmarkDetectorUtils.h */ = {isa = PBXFileReference; lastKnownFileType = sourcecode.c.h; name = LandmarkDetectorUtils.h; path = lib/local/LandmarkDetector/include/LandmarkDetectorUtils.h; sourceTree = "<group>"; };
		E24E7CB31EECE1130071857C /* Patch_experts.h */ = {isa = PBXFileReference; lastKnownFileType = sourcecode.c.h; name = Patch_experts.h; path = lib/local/LandmarkDetector/include/Patch_experts.h; sourceTree = "<group>"; };
		E24E7CB41EECE1130071857C /* PAW.h */ = {isa = PBXFileReference; lastKnownFileType = sourcecode.c.h; name = PAW.h; path = lib/local/LandmarkDetector/include/PAW.h; sourceTree = "<group>"; };
		E24E7CB51EECE1130071857C /* PDM.h */ = {isa = PBXFileReference; lastKnownFileType = sourcecode.c.h; name = PDM.h; path = lib/local/LandmarkDetector/include/PDM.h; sourceTree = "<group>"; };
		E24E7CB61EECE1130071857C /* stdafx.h */ = {isa = PBXFileReference; lastKnownFileType = sourcecode.c.h; name = stdafx.h; path = lib/local/LandmarkDetector/include/stdafx.h; sourceTree = "<group>"; };
		E24E7CB71EECE1130071857C /* SVR_patch_expert.h */ = {isa = PBXFileReference; lastKnownFileType = sourcecode.c.h; name = SVR_patch_expert.h; path = lib/local/LandmarkDetector/include/SVR_patch_expert.h; sourceTree = "<group>"; };
		E24E7CB81EECE1290071857C /* CCNF_patch_expert.cpp */ = {isa = PBXFileReference; fileEncoding = 4; lastKnownFileType = sourcecode.cpp.cpp; name = CCNF_patch_expert.cpp; path = lib/local/LandmarkDetector/src/CCNF_patch_expert.cpp; sourceTree = "<group>"; };
		E24E7CB91EECE1290071857C /* LandmarkDetectionValidator.cpp */ = {isa = PBXFileReference; fileEncoding = 4; lastKnownFileType = sourcecode.cpp.cpp; name = LandmarkDetectionValidator.cpp; path = lib/local/LandmarkDetector/src/LandmarkDetectionValidator.cpp; sourceTree = "<group>"; };
		E24E7CBA1EECE1290071857C /* LandmarkDetectorFunc.cpp */ = {isa = PBXFileReference; fileEncoding = 4; lastKnownFileType = sourcecode.cpp.cpp; name = LandmarkDetectorFunc.cpp; path = lib/local/LandmarkDetector/src/LandmarkDetectorFunc.cpp; sourceTree = "<group>"; };
		E24E7CBB1EECE1290071857C /* LandmarkDetectorModel.cpp */ = {isa = PBXFileReference; fileEncoding = 4; lastKnownFileType = sourcecode.cpp.cpp; name = LandmarkDetectorModel.cpp; path = lib/local/LandmarkDetector/src/LandmarkDetectorModel.cpp; sourceTree = "<group>"; };
		E24E7CBC1EECE1290071857C /* LandmarkDetectorParameters.cpp */ = {isa = PBXFileReference; fileEncoding = 4; lastKnownFileType = sourcecode.cpp.cpp; name = LandmarkDetectorParameters.cpp; path = lib/local/LandmarkDetector/src/LandmarkDetectorParameters.cpp; sourceTree = "<group>"; };
		E24E7CBD1EECE1290071857C /* LandmarkDetectorUtils.cpp */ = {isa = PBXFileReference; fileEncoding = 4; lastKnownFileType = sourcecode.cpp.cpp; name = LandmarkDetectorUtils.cpp; path = lib/local/LandmarkDetector/src/LandmarkDetectorUtils.cpp; sourceTree = "<group>"; };
		E24E7CBF1EECE1290071857C /* Patch_experts.cpp */ = {isa = PBXFileReference; fileEncoding = 4; lastKnownFileType = sourcecode.cpp.cpp; name = Patch_experts.cpp; path = lib/local/LandmarkDetector/src/Patch_experts.cpp; sourceTree = "<group>"; };
		E24E7CC01EECE1290071857C /* PAW.cpp */ = {isa = PBXFileReference; fileEncoding = 4; lastKnownFileType = sourcecode.cpp.cpp; name = PAW.cpp; path = lib/local/LandmarkDetector/src/PAW.cpp; sourceTree = "<group>"; };
		E24E7CC11EECE1290071857C /* PDM.cpp */ = {isa = PBXFileReference; fileEncoding = 4; lastKnownFileType = sourcecode.cpp.cpp; name = PDM.cpp; path = lib/local/LandmarkDetector/src/PDM.cpp; sourceTree = "<group>"; };
		E24E7CC21EECE1290071857C /* stdafx.cpp */ = {isa = PBXFileReference; fileEncoding = 4; lastKnownFileType = sourcecode.cpp.cpp; name = stdafx.cpp; path = lib/local/LandmarkDetector/src/stdafx.cpp; sourceTree = "<group>"; };
		E24E7CC31EECE1290071857C /* SVR_patch_expert.cpp */ = {isa = PBXFileReference; fileEncoding = 4; lastKnownFileType = sourcecode.cpp.cpp; name = SVR_patch_expert.cpp; path = lib/local/LandmarkDetector/src/SVR_patch_expert.cpp; sourceTree = "<group>"; };
		E24E7CD01EECE46C0071857C /* ViewController.h */ = {isa = PBXFileReference; fileEncoding = 4; lastKnownFileType = sourcecode.c.h; path = ViewController.h; sourceTree = "<group>"; };
		E24E7CD11EECE46D0071857C /* ViewController.mm */ = {isa = PBXFileReference; fileEncoding = 4; lastKnownFileType = sourcecode.cpp.objcpp; path = ViewController.mm; sourceTree = "<group>"; };
		E24E7CD31EECEBFE0071857C /* Main.storyboard */ = {isa = PBXFileReference; fileEncoding = 4; lastKnownFileType = file.storyboard; path = Main.storyboard; sourceTree = "<group>"; };
		E27E78921EF647D300236AEE /* UIView+YALConstraints.h */ = {isa = PBXFileReference; fileEncoding = 4; lastKnownFileType = sourcecode.c.h; name = "UIView+YALConstraints.h"; path = "YALContextMenu/UIView+YALConstraints.h"; sourceTree = "<group>"; };
		E27E78931EF647D300236AEE /* UIView+YALConstraints.m */ = {isa = PBXFileReference; fileEncoding = 4; lastKnownFileType = sourcecode.c.objc; name = "UIView+YALConstraints.m"; path = "YALContextMenu/UIView+YALConstraints.m"; sourceTree = "<group>"; };
		E27E78941EF647D300236AEE /* YALContextMenuCell.h */ = {isa = PBXFileReference; fileEncoding = 4; lastKnownFileType = sourcecode.c.h; name = YALContextMenuCell.h; path = YALContextMenu/YALContextMenuCell.h; sourceTree = "<group>"; };
		E27E78951EF647D300236AEE /* YALContextMenuTableView.h */ = {isa = PBXFileReference; fileEncoding = 4; lastKnownFileType = sourcecode.c.h; name = YALContextMenuTableView.h; path = YALContextMenu/YALContextMenuTableView.h; sourceTree = "<group>"; };
		E27E78961EF647D300236AEE /* YALContextMenuTableView.m */ = {isa = PBXFileReference; fileEncoding = 4; lastKnownFileType = sourcecode.c.objc; name = YALContextMenuTableView.m; path = YALContextMenu/YALContextMenuTableView.m; sourceTree = "<group>"; };
		E27E789A1EF6480D00236AEE /* ContextMenuCell.h */ = {isa = PBXFileReference; fileEncoding = 4; lastKnownFileType = sourcecode.c.h; name = ContextMenuCell.h; path = ContextMenuCell/ContextMenuCell.h; sourceTree = "<group>"; };
		E27E789B1EF6480D00236AEE /* ContextMenuCell.mm */ = {isa = PBXFileReference; fileEncoding = 4; lastKnownFileType = sourcecode.cpp.objcpp; name = ContextMenuCell.mm; path = ContextMenuCell/ContextMenuCell.mm; sourceTree = "<group>"; };
		E27E789C1EF6480D00236AEE /* ContextMenuCell.xib */ = {isa = PBXFileReference; fileEncoding = 4; lastKnownFileType = file.xib; name = ContextMenuCell.xib; path = ContextMenuCell/ContextMenuCell.xib; sourceTree = "<group>"; };
		E27E78A41EF648BE00236AEE /* YALNavigationBar.h */ = {isa = PBXFileReference; fileEncoding = 4; lastKnownFileType = sourcecode.c.h; path = YALNavigationBar.h; sourceTree = "<group>"; };
		E27E78A51EF648BE00236AEE /* YALNavigationBar.m */ = {isa = PBXFileReference; fileEncoding = 4; lastKnownFileType = sourcecode.c.objc; path = YALNavigationBar.m; sourceTree = "<group>"; };
		E27E78C11EF6605600236AEE /* RNGridMenu.h */ = {isa = PBXFileReference; fileEncoding = 4; lastKnownFileType = sourcecode.c.h; path = RNGridMenu.h; sourceTree = "<group>"; };
		E27E78C21EF6605600236AEE /* RNGridMenu.m */ = {isa = PBXFileReference; fileEncoding = 4; lastKnownFileType = sourcecode.c.objc; path = RNGridMenu.m; sourceTree = "<group>"; };
		E27E78C51EF660DE00236AEE /* arrow.png */ = {isa = PBXFileReference; lastKnownFileType = image.png; path = arrow.png; sourceTree = "<group>"; };
		E27E78C61EF660DE00236AEE /* attachment.png */ = {isa = PBXFileReference; lastKnownFileType = image.png; path = attachment.png; sourceTree = "<group>"; };
		E27E78C71EF660DE00236AEE /* block.png */ = {isa = PBXFileReference; lastKnownFileType = image.png; path = block.png; sourceTree = "<group>"; };
		E27E78C81EF660DE00236AEE /* bluetooth.png */ = {isa = PBXFileReference; lastKnownFileType = image.png; path = bluetooth.png; sourceTree = "<group>"; };
		E27E78C91EF660DE00236AEE /* cube.png */ = {isa = PBXFileReference; lastKnownFileType = image.png; path = cube.png; sourceTree = "<group>"; };
		E27E78CA1EF660DE00236AEE /* download.png */ = {isa = PBXFileReference; lastKnownFileType = image.png; path = download.png; sourceTree = "<group>"; };
		E27E78CB1EF660DE00236AEE /* enter.png */ = {isa = PBXFileReference; lastKnownFileType = image.png; path = enter.png; sourceTree = "<group>"; };
		E27E78CC1EF660DE00236AEE /* file.png */ = {isa = PBXFileReference; lastKnownFileType = image.png; path = file.png; sourceTree = "<group>"; };
		E27E78CD1EF660DE00236AEE /* github.png */ = {isa = PBXFileReference; lastKnownFileType = image.png; path = github.png; sourceTree = "<group>"; };
/* End PBXFileReference section */

/* Begin PBXFrameworksBuildPhase section */
		113931611E172AEC0092BB5A /* Frameworks */ = {
			isa = PBXFrameworksBuildPhase;
			buildActionMask = 2147483647;
			files = (
				11F761DE1E354D2C009FB874 /* Foundation.framework in Frameworks */,
				11F761DC1E354D23009FB874 /* UIKit.framework in Frameworks */,
				118B72551E56428F00DBC6E5 /* libdlib.a in Frameworks */,
				11F761DA1E354D18009FB874 /* QuartzCore.framework in Frameworks */,
				11F761D81E354D0D009FB874 /* CoreVideo.framework in Frameworks */,
				11F761D61E354D05009FB874 /* CoreMedia.framework in Frameworks */,
				11F761D41E354CFC009FB874 /* CoreImage.framework in Frameworks */,
				11F761D21E354CF3009FB874 /* CoreGraphics.framework in Frameworks */,
				11F761D01E354CE6009FB874 /* AVFoundation.framework in Frameworks */,
				11F761CE1E354CD4009FB874 /* AssetsLibrary.framework in Frameworks */,
				113931941E17F35D0092BB5A /* opencv2.framework in Frameworks */,
				1139318A1E17326C0092BB5A /* Accelerate.framework in Frameworks */,
			);
			runOnlyForDeploymentPostprocessing = 0;
		};
/* End PBXFrameworksBuildPhase section */

/* Begin PBXGroup section */
		1139315B1E172AEC0092BB5A = {
			isa = PBXGroup;
			children = (
				0393213C1EF9085D007D6CB3 /* yyjIcon.png */,
				113931991E193F210092BB5A /* shape_predictor_68_face_landmarks.dat */,
				113931661E172AEC0092BB5A /* FaceSwap */,
				113931651E172AEC0092BB5A /* Products */,
				1139317E1E172B0A0092BB5A /* Frameworks */,
			);
			sourceTree = "<group>";
		};
		113931651E172AEC0092BB5A /* Products */ = {
			isa = PBXGroup;
			children = (
				113931641E172AEC0092BB5A /* FaceSwap.app */,
			);
			name = Products;
			sourceTree = "<group>";
		};
		113931661E172AEC0092BB5A /* FaceSwap */ = {
			isa = PBXGroup;
			children = (
				E27E78C41EF660C500236AEE /* icons */,
				E27E78991EF647FD00236AEE /* ContextMenuCell */,
				E27E78911EF647C600236AEE /* YALContextMenu */,
				E24E7C7C1EECE05B0071857C /* local */,
				E24E7C771EECE0100071857C /* FaceARDetect */,
				E24E7C711EECD9E20071857C /* classifiers */,
				E24E7C721EECD9E20071857C /* model */,
				1139316A1E172AEC0092BB5A /* AppDelegate.h */,
				E24E7C751EECDBAC0071857C /* AppDelegate.mm */,
				E24E7CD01EECE46C0071857C /* ViewController.h */,
				E24E7CD11EECE46D0071857C /* ViewController.mm */,
				E27E78C11EF6605600236AEE /* RNGridMenu.h */,
				E27E78C21EF6605600236AEE /* RNGridMenu.m */,
				113931731E172AEC0092BB5A /* Assets.xcassets */,
				E24E7CD31EECEBFE0071857C /* Main.storyboard */,
				118B72561E564AB300DBC6E5 /* LaunchScreen.storyboard */,
				113931781E172AEC0092BB5A /* Info.plist */,
				113931671E172AEC0092BB5A /* Supporting Files */,
				113931B11E1AE3BC0092BB5A /* FSViewController.h */,
				113931B21E1AE3BC0092BB5A /* FSViewController.mm */,
				113931B41E1AF2340092BB5A /* FSResultViewController.h */,
				113931B51E1AF2340092BB5A /* FSResultViewController.mm */,
				113931BF1E213F690092BB5A /* FSMultiViewController.h */,
				113931C01E213F690092BB5A /* FSMultiViewController.mm */,
				11F761CA1E3549B1009FB874 /* FSStreamViewController.h */,
				11F761CB1E3549B1009FB874 /* FSStreamViewController.mm */,
				113931951E17F3E00092BB5A /* FSImageUtils.mm */,
				113931971E17F43C0092BB5A /* FSImageUtils.h */,
				11731F041E675B9E0001F3D3 /* PortraitTabBarController.h */,
				11731F051E675B9E0001F3D3 /* PortraitTabBarController.m */,
				E27E78A41EF648BE00236AEE /* YALNavigationBar.h */,
				E27E78A51EF648BE00236AEE /* YALNavigationBar.m */,
				0393213A1EF907FF007D6CB3 /* Images.xcassets */,
			);
			path = FaceSwap;
			sourceTree = "<group>";
		};
		113931671E172AEC0092BB5A /* Supporting Files */ = {
			isa = PBXGroup;
			children = (
				113931681E172AEC0092BB5A /* main.m */,
			);
			name = "Supporting Files";
			sourceTree = "<group>";
		};
		1139317E1E172B0A0092BB5A /* Frameworks */ = {
			isa = PBXGroup;
			children = (
				118B72541E56428F00DBC6E5 /* libdlib.a */,
				11F761DD1E354D2C009FB874 /* Foundation.framework */,
				11F761DB1E354D23009FB874 /* UIKit.framework */,
				11F761D91E354D18009FB874 /* QuartzCore.framework */,
				11F761D71E354D0D009FB874 /* CoreVideo.framework */,
				11F761D51E354D05009FB874 /* CoreMedia.framework */,
				11F761D31E354CFC009FB874 /* CoreImage.framework */,
				11F761D11E354CF3009FB874 /* CoreGraphics.framework */,
				11F761CF1E354CE6009FB874 /* AVFoundation.framework */,
				11F761CD1E354CD4009FB874 /* AssetsLibrary.framework */,
				113931931E17F35D0092BB5A /* opencv2.framework */,
				113931891E17326C0092BB5A /* Accelerate.framework */,
			);
			name = Frameworks;
			sourceTree = "<group>";
		};
		E24E7C771EECE0100071857C /* FaceARDetect */ = {
			isa = PBXGroup;
			children = (
				E24E7C781EECE0330071857C /* FaceARDetectIOS.h */,
				E24E7C791EECE0330071857C /* FaceARDetectIOS.mm */,
			);
			name = FaceARDetect;
			sourceTree = "<group>";
		};
		E24E7C7C1EECE05B0071857C /* local */ = {
			isa = PBXGroup;
			children = (
				E24E7C851EECE0C80071857C /* LandmarkDetector */,
				E24E7C811EECE09C0071857C /* GazeEstimate */,
			);
			name = local;
			sourceTree = "<group>";
		};
		E24E7C811EECE09C0071857C /* GazeEstimate */ = {
			isa = PBXGroup;
			children = (
				E24E7C821EECE0B60071857C /* GazeEstimation.cpp */,
				E24E7C831EECE0B60071857C /* GazeEstimation.h */,
			);
			name = GazeEstimate;
			sourceTree = "<group>";
		};
		E24E7C851EECE0C80071857C /* LandmarkDetector */ = {
			isa = PBXGroup;
			children = (
				E24E7C871EECE0DE0071857C /* src */,
				E24E7C861EECE0D60071857C /* include */,
			);
			name = LandmarkDetector;
			sourceTree = "<group>";
		};
		E24E7C861EECE0D60071857C /* include */ = {
			isa = PBXGroup;
			children = (
				E24E7CAC1EECE1130071857C /* CCNF_patch_expert.h */,
				E24E7CAD1EECE1130071857C /* LandmarkCoreIncludes.h */,
				E24E7CAE1EECE1130071857C /* LandmarkDetectionValidator.h */,
				E24E7CAF1EECE1130071857C /* LandmarkDetectorFunc.h */,
				E24E7CB01EECE1130071857C /* LandmarkDetectorModel.h */,
				E24E7CB11EECE1130071857C /* LandmarkDetectorParameters.h */,
				E24E7CB21EECE1130071857C /* LandmarkDetectorUtils.h */,
				E24E7CB31EECE1130071857C /* Patch_experts.h */,
				E24E7CB41EECE1130071857C /* PAW.h */,
				E24E7CB51EECE1130071857C /* PDM.h */,
				E24E7CB61EECE1130071857C /* stdafx.h */,
				E24E7CB71EECE1130071857C /* SVR_patch_expert.h */,
			);
			name = include;
			sourceTree = "<group>";
		};
		E24E7C871EECE0DE0071857C /* src */ = {
			isa = PBXGroup;
			children = (
				E24E7CB81EECE1290071857C /* CCNF_patch_expert.cpp */,
				E24E7CB91EECE1290071857C /* LandmarkDetectionValidator.cpp */,
				E24E7CBA1EECE1290071857C /* LandmarkDetectorFunc.cpp */,
				E24E7CBB1EECE1290071857C /* LandmarkDetectorModel.cpp */,
				E24E7CBC1EECE1290071857C /* LandmarkDetectorParameters.cpp */,
				E24E7CBD1EECE1290071857C /* LandmarkDetectorUtils.cpp */,
				E24E7CBF1EECE1290071857C /* Patch_experts.cpp */,
				E24E7CC01EECE1290071857C /* PAW.cpp */,
				E24E7CC11EECE1290071857C /* PDM.cpp */,
				E24E7CC21EECE1290071857C /* stdafx.cpp */,
				E24E7CC31EECE1290071857C /* SVR_patch_expert.cpp */,
			);
			name = src;
			sourceTree = "<group>";
		};
		E27E78911EF647C600236AEE /* YALContextMenu */ = {
			isa = PBXGroup;
			children = (
				E27E78921EF647D300236AEE /* UIView+YALConstraints.h */,
				E27E78931EF647D300236AEE /* UIView+YALConstraints.m */,
				E27E78941EF647D300236AEE /* YALContextMenuCell.h */,
				E27E78951EF647D300236AEE /* YALContextMenuTableView.h */,
				E27E78961EF647D300236AEE /* YALContextMenuTableView.m */,
			);
			name = YALContextMenu;
			sourceTree = "<group>";
		};
		E27E78991EF647FD00236AEE /* ContextMenuCell */ = {
			isa = PBXGroup;
			children = (
				E27E789A1EF6480D00236AEE /* ContextMenuCell.h */,
				E27E789B1EF6480D00236AEE /* ContextMenuCell.mm */,
				E27E789C1EF6480D00236AEE /* ContextMenuCell.xib */,
			);
			name = ContextMenuCell;
			sourceTree = "<group>";
		};
		E27E78C41EF660C500236AEE /* icons */ = {
			isa = PBXGroup;
			children = (
				E27E78C51EF660DE00236AEE /* arrow.png */,
				E27E78C61EF660DE00236AEE /* attachment.png */,
				E27E78C71EF660DE00236AEE /* block.png */,
				E27E78C81EF660DE00236AEE /* bluetooth.png */,
				E27E78C91EF660DE00236AEE /* cube.png */,
				E27E78CA1EF660DE00236AEE /* download.png */,
				E27E78CB1EF660DE00236AEE /* enter.png */,
				E27E78CC1EF660DE00236AEE /* file.png */,
				E27E78CD1EF660DE00236AEE /* github.png */,
			);
			name = icons;
			sourceTree = "<group>";
		};
/* End PBXGroup section */

/* Begin PBXNativeTarget section */
		113931631E172AEC0092BB5A /* FaceSwap */ = {
			isa = PBXNativeTarget;
			buildConfigurationList = 1139317B1E172AEC0092BB5A /* Build configuration list for PBXNativeTarget "FaceSwap" */;
			buildPhases = (
				113931601E172AEC0092BB5A /* Sources */,
				113931611E172AEC0092BB5A /* Frameworks */,
				113931621E172AEC0092BB5A /* Resources */,
			);
			buildRules = (
			);
			dependencies = (
			);
			name = FaceSwap;
			productName = FaceSwap;
			productReference = 113931641E172AEC0092BB5A /* FaceSwap.app */;
			productType = "com.apple.product-type.application";
		};
/* End PBXNativeTarget section */

/* Begin PBXProject section */
		1139315C1E172AEC0092BB5A /* Project object */ = {
			isa = PBXProject;
			attributes = {
				LastUpgradeCheck = 0820;
				ORGANIZATIONNAME = "Alexander Karlsson";
				TargetAttributes = {
					113931631E172AEC0092BB5A = {
						CreatedOnToolsVersion = 8.2.1;
						DevelopmentTeam = V88L5ZXVR8;
						ProvisioningStyle = Automatic;
					};
				};
			};
			buildConfigurationList = 1139315F1E172AEC0092BB5A /* Build configuration list for PBXProject "FaceSwap" */;
			compatibilityVersion = "Xcode 3.2";
			developmentRegion = English;
			hasScannedForEncodings = 0;
			knownRegions = (
				en,
				Base,
			);
			mainGroup = 1139315B1E172AEC0092BB5A;
			productRefGroup = 113931651E172AEC0092BB5A /* Products */;
			projectDirPath = "";
			projectRoot = "";
			targets = (
				113931631E172AEC0092BB5A /* FaceSwap */,
			);
		};
/* End PBXProject section */

/* Begin PBXResourcesBuildPhase section */
		113931621E172AEC0092BB5A /* Resources */ = {
			isa = PBXResourcesBuildPhase;
			buildActionMask = 2147483647;
			files = (
				E27E78D61EF660DE00236AEE /* github.png in Resources */,
				E27E78D31EF660DE00236AEE /* download.png in Resources */,
				E27E78CF1EF660DE00236AEE /* attachment.png in Resources */,
				E24E7CD41EECEBFE0071857C /* Main.storyboard in Resources */,
				E27E78D21EF660DE00236AEE /* cube.png in Resources */,
				E24E7C731EECD9E20071857C /* classifiers in Resources */,
				E27E78D11EF660DE00236AEE /* bluetooth.png in Resources */,
				E27E78D41EF660DE00236AEE /* enter.png in Resources */,
				118B72571E564AB300DBC6E5 /* LaunchScreen.storyboard in Resources */,
				113931741E172AEC0092BB5A /* Assets.xcassets in Resources */,
				E27E789E1EF6480D00236AEE /* ContextMenuCell.xib in Resources */,
				0393213B1EF907FF007D6CB3 /* Images.xcassets in Resources */,
				1139319A1E193F210092BB5A /* shape_predictor_68_face_landmarks.dat in Resources */,
				E27E78D51EF660DE00236AEE /* file.png in Resources */,
				E24E7C741EECD9E20071857C /* model in Resources */,
				E27E78CE1EF660DE00236AEE /* arrow.png in Resources */,
				E27E78D01EF660DE00236AEE /* block.png in Resources */,
				0393213D1EF9085D007D6CB3 /* yyjIcon.png in Resources */,
			);
			runOnlyForDeploymentPostprocessing = 0;
		};
/* End PBXResourcesBuildPhase section */

/* Begin PBXSourcesBuildPhase section */
		113931601E172AEC0092BB5A /* Sources */ = {
			isa = PBXSourcesBuildPhase;
			buildActionMask = 2147483647;
			files = (
				E24E7CD21EECE46D0071857C /* ViewController.mm in Sources */,
				E24E7C7A1EECE0330071857C /* FaceARDetectIOS.mm in Sources */,
				E27E78A61EF648BE00236AEE /* YALNavigationBar.m in Sources */,
				E24E7CCF1EECE1290071857C /* SVR_patch_expert.cpp in Sources */,
				113931961E17F3E00092BB5A /* FSImageUtils.mm in Sources */,
				E24E7CC51EECE1290071857C /* LandmarkDetectionValidator.cpp in Sources */,
				E24E7CC41EECE1290071857C /* CCNF_patch_expert.cpp in Sources */,
				E27E78C31EF6605600236AEE /* RNGridMenu.m in Sources */,
				113931C11E213F690092BB5A /* FSMultiViewController.mm in Sources */,
				11731F061E675B9E0001F3D3 /* PortraitTabBarController.m in Sources */,
				E24E7CC71EECE1290071857C /* LandmarkDetectorModel.cpp in Sources */,
				E24E7CCC1EECE1290071857C /* PAW.cpp in Sources */,
				E24E7CC81EECE1290071857C /* LandmarkDetectorParameters.cpp in Sources */,
				E24E7C761EECDBAC0071857C /* AppDelegate.mm in Sources */,
				E24E7CCD1EECE1290071857C /* PDM.cpp in Sources */,
				E27E78981EF647D300236AEE /* YALContextMenuTableView.m in Sources */,
				11F761CC1E3549B1009FB874 /* FSStreamViewController.mm in Sources */,
				113931691E172AEC0092BB5A /* main.m in Sources */,
				E27E789D1EF6480D00236AEE /* ContextMenuCell.mm in Sources */,
				113931B61E1AF2340092BB5A /* FSResultViewController.mm in Sources */,
				E24E7CC61EECE1290071857C /* LandmarkDetectorFunc.cpp in Sources */,
				E27E78971EF647D300236AEE /* UIView+YALConstraints.m in Sources */,
				E24E7C841EECE0B60071857C /* GazeEstimation.cpp in Sources */,
				113931B31E1AE3BC0092BB5A /* FSViewController.mm in Sources */,
				E24E7CCE1EECE1290071857C /* stdafx.cpp in Sources */,
				E24E7CC91EECE1290071857C /* LandmarkDetectorUtils.cpp in Sources */,
				E24E7CCB1EECE1290071857C /* Patch_experts.cpp in Sources */,
			);
			runOnlyForDeploymentPostprocessing = 0;
		};
/* End PBXSourcesBuildPhase section */

/* Begin XCBuildConfiguration section */
		113931791E172AEC0092BB5A /* Debug */ = {
			isa = XCBuildConfiguration;
			buildSettings = {
				ALWAYS_SEARCH_USER_PATHS = NO;
				CLANG_ANALYZER_NONNULL = YES;
				CLANG_CXX_LANGUAGE_STANDARD = "gnu++0x";
				CLANG_CXX_LIBRARY = "libc++";
				CLANG_ENABLE_MODULES = YES;
				CLANG_ENABLE_OBJC_ARC = YES;
				CLANG_WARN_BOOL_CONVERSION = YES;
				CLANG_WARN_CONSTANT_CONVERSION = YES;
				CLANG_WARN_DIRECT_OBJC_ISA_USAGE = YES_ERROR;
				CLANG_WARN_DOCUMENTATION_COMMENTS = YES;
				CLANG_WARN_EMPTY_BODY = YES;
				CLANG_WARN_ENUM_CONVERSION = YES;
				CLANG_WARN_INFINITE_RECURSION = YES;
				CLANG_WARN_INT_CONVERSION = YES;
				CLANG_WARN_OBJC_ROOT_CLASS = YES_ERROR;
				CLANG_WARN_SUSPICIOUS_MOVE = YES;
				CLANG_WARN_UNREACHABLE_CODE = YES;
				CLANG_WARN__DUPLICATE_METHOD_MATCH = YES;
				"CODE_SIGN_IDENTITY[sdk=iphoneos*]" = "iPhone Developer";
				COPY_PHASE_STRIP = NO;
				DEBUG_INFORMATION_FORMAT = dwarf;
				ENABLE_STRICT_OBJC_MSGSEND = YES;
				ENABLE_TESTABILITY = YES;
				GCC_C_LANGUAGE_STANDARD = gnu99;
				GCC_DYNAMIC_NO_PIC = NO;
				GCC_NO_COMMON_BLOCKS = YES;
				GCC_OPTIMIZATION_LEVEL = 0;
				GCC_PREPROCESSOR_DEFINITIONS = (
					"DEBUG=1",
					"$(inherited)",
				);
				GCC_WARN_64_TO_32_BIT_CONVERSION = YES;
				GCC_WARN_ABOUT_RETURN_TYPE = YES_ERROR;
				GCC_WARN_UNDECLARED_SELECTOR = YES;
				GCC_WARN_UNINITIALIZED_AUTOS = YES_AGGRESSIVE;
				GCC_WARN_UNUSED_FUNCTION = YES;
				GCC_WARN_UNUSED_VARIABLE = YES;
				IPHONEOS_DEPLOYMENT_TARGET = 10.2;
				MTL_ENABLE_DEBUG_INFO = YES;
				ONLY_ACTIVE_ARCH = YES;
				SDKROOT = iphoneos;
			};
			name = Debug;
		};
		1139317A1E172AEC0092BB5A /* Release */ = {
			isa = XCBuildConfiguration;
			buildSettings = {
				ALWAYS_SEARCH_USER_PATHS = NO;
				CLANG_ANALYZER_NONNULL = YES;
				CLANG_CXX_LANGUAGE_STANDARD = "gnu++0x";
				CLANG_CXX_LIBRARY = "libc++";
				CLANG_ENABLE_MODULES = YES;
				CLANG_ENABLE_OBJC_ARC = YES;
				CLANG_WARN_BOOL_CONVERSION = YES;
				CLANG_WARN_CONSTANT_CONVERSION = YES;
				CLANG_WARN_DIRECT_OBJC_ISA_USAGE = YES_ERROR;
				CLANG_WARN_DOCUMENTATION_COMMENTS = YES;
				CLANG_WARN_EMPTY_BODY = YES;
				CLANG_WARN_ENUM_CONVERSION = YES;
				CLANG_WARN_INFINITE_RECURSION = YES;
				CLANG_WARN_INT_CONVERSION = YES;
				CLANG_WARN_OBJC_ROOT_CLASS = YES_ERROR;
				CLANG_WARN_SUSPICIOUS_MOVE = YES;
				CLANG_WARN_UNREACHABLE_CODE = YES;
				CLANG_WARN__DUPLICATE_METHOD_MATCH = YES;
				"CODE_SIGN_IDENTITY[sdk=iphoneos*]" = "iPhone Developer";
				COPY_PHASE_STRIP = NO;
				DEBUG_INFORMATION_FORMAT = "dwarf-with-dsym";
				ENABLE_NS_ASSERTIONS = NO;
				ENABLE_STRICT_OBJC_MSGSEND = YES;
				GCC_C_LANGUAGE_STANDARD = gnu99;
				GCC_NO_COMMON_BLOCKS = YES;
				GCC_WARN_64_TO_32_BIT_CONVERSION = YES;
				GCC_WARN_ABOUT_RETURN_TYPE = YES_ERROR;
				GCC_WARN_UNDECLARED_SELECTOR = YES;
				GCC_WARN_UNINITIALIZED_AUTOS = YES_AGGRESSIVE;
				GCC_WARN_UNUSED_FUNCTION = YES;
				GCC_WARN_UNUSED_VARIABLE = YES;
				IPHONEOS_DEPLOYMENT_TARGET = 10.2;
				MTL_ENABLE_DEBUG_INFO = NO;
				SDKROOT = iphoneos;
				VALIDATE_PRODUCT = YES;
			};
			name = Release;
		};
		1139317C1E172AEC0092BB5A /* Debug */ = {
			isa = XCBuildConfiguration;
			buildSettings = {
				ALWAYS_SEARCH_USER_PATHS = YES;
				ASSETCATALOG_COMPILER_APPICON_NAME = AppIcon;
				ASSETCATALOG_COMPILER_LAUNCHIMAGE_NAME = "LaunchImage-2";
				CLANG_ENABLE_MODULES = YES;
				DEVELOPMENT_TEAM = V88L5ZXVR8;
				ENABLE_BITCODE = NO;
				FRAMEWORK_SEARCH_PATHS = (
					"$(inherited)",
					"$(PROJECT_DIR)",
				);
				GCC_PREPROCESSOR_DEFINITIONS = "";
				HEADER_SEARCH_PATHS = (
					"\"${PODS_ROOT}/Headers/Public/pop\"",
					"\"${PODS_ROOT}/Headers/Public\"",
				);
				INFOPLIST_FILE = FaceSwap/Info.plist;
				IPHONEOS_DEPLOYMENT_TARGET = 10.3;
				LD_RUNPATH_SEARCH_PATHS = "$(inherited) @executable_path/Frameworks";
				LIBRARY_SEARCH_PATHS = (
					"$(inherited)",
					"$(PROJECT_DIR)",
					"$(PROJECT_DIR)/build/Debug-iphoneos",
				);
				ONLY_ACTIVE_ARCH = NO;
				OTHER_CFLAGS = "";
				OTHER_LDFLAGS = "";
				OTHER_LIBTOOLFLAGS = "$(OTHER_LDFLAGS)";
				PODS_ROOT = "${SRCROOT}/Pods";
				PRODUCT_BUNDLE_IDENTIFIER = JanathonL;
				PRODUCT_NAME = "$(TARGET_NAME)";
				TARGETED_DEVICE_FAMILY = "1,2";
				USER_HEADER_SEARCH_PATHS = "$(SRCROOT)/FaceSwap/lib/local/LandmarkDetector/include $(SRCROOT)/FaceSwap/lib/FaceARDetect $(SRCROOT)/FaceSwap/lib/local/GazeEstimate";
				VALID_ARCHS = "armv7 armv7s";
			};
			name = Debug;
		};
		1139317D1E172AEC0092BB5A /* Release */ = {
			isa = XCBuildConfiguration;
			buildSettings = {
				ALWAYS_SEARCH_USER_PATHS = YES;
				ASSETCATALOG_COMPILER_APPICON_NAME = AppIcon;
				ASSETCATALOG_COMPILER_LAUNCHIMAGE_NAME = "LaunchImage-2";
				CLANG_ENABLE_MODULES = YES;
				DEVELOPMENT_TEAM = V88L5ZXVR8;
				ENABLE_BITCODE = NO;
				FRAMEWORK_SEARCH_PATHS = (
					"$(inherited)",
					"$(PROJECT_DIR)",
				);
				"FRAMEWORK_SEARCH_PATHS[arch=*]" = /Users/alexander/code;
				GCC_PREPROCESSOR_DEFINITIONS = "";
				HEADER_SEARCH_PATHS = (
					"\"${PODS_ROOT}/Headers/Public/pop\"",
					"\"${PODS_ROOT}/Headers/Public\"",
				);
				INFOPLIST_FILE = FaceSwap/Info.plist;
				IPHONEOS_DEPLOYMENT_TARGET = 10.3;
				LD_RUNPATH_SEARCH_PATHS = "$(inherited) @executable_path/Frameworks";
				LIBRARY_SEARCH_PATHS = (
					"$(inherited)",
					"$(PROJECT_DIR)",
					"$(PROJECT_DIR)/build/Debug-iphoneos",
				);
				ONLY_ACTIVE_ARCH = NO;
				OTHER_CFLAGS = "";
				OTHER_LDFLAGS = "";
				OTHER_LIBTOOLFLAGS = "$(OTHER_LDFLAGS)";
				PODS_ROOT = "${SRCROOT}/Pods";
				PRODUCT_BUNDLE_IDENTIFIER = JanathonL;
				PRODUCT_NAME = "$(TARGET_NAME)";
				TARGETED_DEVICE_FAMILY = "1,2";
				USER_HEADER_SEARCH_PATHS = "$(SRCROOT)/FaceSwap/lib/local/LandmarkDetector/include $(SRCROOT)/FaceSwap/lib/FaceARDetect $(SRCROOT)/FaceSwap/lib/local/GazeEstimate";
				VALID_ARCHS = "armv7 armv7s";
			};
			name = Release;
		};
/* End XCBuildConfiguration section */

/* Begin XCConfigurationList section */
		1139315F1E172AEC0092BB5A /* Build configuration list for PBXProject "FaceSwap" */ = {
			isa = XCConfigurationList;
			buildConfigurations = (
				113931791E172AEC0092BB5A /* Debug */,
				1139317A1E172AEC0092BB5A /* Release */,
			);
			defaultConfigurationIsVisible = 0;
			defaultConfigurationName = Release;
		};
		1139317B1E172AEC0092BB5A /* Build configuration list for PBXNativeTarget "FaceSwap" */ = {
			isa = XCConfigurationList;
			buildConfigurations = (
				1139317C1E172AEC0092BB5A /* Debug */,
				1139317D1E172AEC0092BB5A /* Release */,
			);
			defaultConfigurationIsVisible = 0;
			defaultConfigurationName = Release;
		};
/* End XCConfigurationList section */
	};
	rootObject = 1139315C1E172AEC0092BB5A /* Project object */;
}
